
Microsoft Visual Studio Solution File, Format Version 12.00
# Visual Studio Version 16
VisualStudioVersion = 16.0.31229.75
MinimumVisualStudioVersion = 10.0.40219.1
Project("{9A19103F-16F7-4668-BE54-9A1E7A4F7556}") = "ConsoleApp", "ConsoleApp\ConsoleApp.csproj", "{F8087727-2829-4756-B22E-698C8EC2C578}"
EndProject
Project("{FAE04EC0-301F-11D3-BF4B-00C04F79EFBC}") = "CustomLibrary", "CustomLibrary\CustomLibrary.csproj", "{DFFAB30C-7106-4755-A12D-9EC5D0E127ED}"
EndProject
Global
	GlobalSection(SolutionConfigurationPlatforms) = preSolution
		Debug|Any CPU = Debug|Any CPU
		Release|Any CPU = Release|Any CPU
	EndGlobalSection
	GlobalSection(ProjectConfigurationPlatforms) = postSolution
		{F8087727-2829-4756-B22E-698C8EC2C578}.Debug|Any CPU.ActiveCfg = Debug|Any CPU
		{F8087727-2829-4756-B22E-698C8EC2C578}.Debug|Any CPU.Build.0 = Debug|Any CPU
		{F8087727-2829-4756-B22E-698C8EC2C578}.Release|Any CPU.ActiveCfg = Release|Any CPU
		{F8087727-2829-4756-B22E-698C8EC2C578}.Release|Any CPU.Build.0 = Release|Any CPU
		{DFFAB30C-7106-4755-A12D-9EC5D0E127ED}.Debug|Any CPU.ActiveCfg = Debug|Any CPU
		{DFFAB30C-7106-4755-A12D-9EC5D0E127ED}.Debug|Any CPU.Build.0 = Debug|Any CPU
		{DFFAB30C-7106-4755-A12D-9EC5D0E127ED}.Release|Any CPU.ActiveCfg = Release|Any CPU
		{DFFAB30C-7106-4755-A12D-9EC5D0E127ED}.Release|Any CPU.Build.0 = Release|Any CPU
	EndGlobalSection
	GlobalSection(SolutionProperties) = preSolution
		HideSolutionNode = FALSE
	EndGlobalSection
	GlobalSection(ExtensibilityGlobals) = postSolution
		SolutionGuid = {D9D40A67-7C29-4A3C-866C-B92BF9130641}
	EndGlobalSection
EndGlobal
